// !$*UTF8*$!
{
	archiveVersion = 1;
	classes = {
	};
	objectVersion = 46;
	objects = {

/* Begin PBXBuildFile section */
		C67E3B6E1E8CB52E00BFC4B0 /* main.m in Sources */ = {isa = PBXBuildFile; fileRef = C67E3B6D1E8CB52E00BFC4B0 /* main.m */; };
		C67E3B711E8CB52E00BFC4B0 /* AppDelegate.m in Sources */ = {isa = PBXBuildFile; fileRef = C67E3B701E8CB52E00BFC4B0 /* AppDelegate.m */; };
		C67E3B741E8CB52F00BFC4B0 /* ViewController.m in Sources */ = {isa = PBXBuildFile; fileRef = C67E3B731E8CB52F00BFC4B0 /* ViewController.m */; };
		C67E3B771E8CB52F00BFC4B0 /* Main.storyboard in Resources */ = {isa = PBXBuildFile; fileRef = C67E3B751E8CB52F00BFC4B0 /* Main.storyboard */; };
		C67E3B791E8CB52F00BFC4B0 /* Assets.xcassets in Resources */ = {isa = PBXBuildFile; fileRef = C67E3B781E8CB52F00BFC4B0 /* Assets.xcassets */; };
		C67E3B7C1E8CB52F00BFC4B0 /* LaunchScreen.storyboard in Resources */ = {isa = PBXBuildFile; fileRef = C67E3B7A1E8CB52F00BFC4B0 /* LaunchScreen.storyboard */; };
		C67E3B861E8CB55F00BFC4B0 /* UIButton+Extension.m in Sources */ = {isa = PBXBuildFile; fileRef = C67E3B851E8CB55F00BFC4B0 /* UIButton+Extension.m */; };
		C67E3B891E8CD09600BFC4B0 /* UIColor+Extension.m in Sources */ = {isa = PBXBuildFile; fileRef = C67E3B881E8CD09600BFC4B0 /* UIColor+Extension.m */; };
		C67E3B8E1E8CD0A000BFC4B0 /* UIView+Extension.m in Sources */ = {isa = PBXBuildFile; fileRef = C67E3B8B1E8CD0A000BFC4B0 /* UIView+Extension.m */; };
		C67E3B8F1E8CD0A000BFC4B0 /* UILabel+Extension.m in Sources */ = {isa = PBXBuildFile; fileRef = C67E3B8D1E8CD0A000BFC4B0 /* UILabel+Extension.m */; };
		C67E3B931E8CD79100BFC4B0 /* UIImage+Extension.m in Sources */ = {isa = PBXBuildFile; fileRef = C67E3B921E8CD79100BFC4B0 /* UIImage+Extension.m */; };
/* End PBXBuildFile section */

/* Begin PBXFileReference section */
		C67E3B691E8CB52E00BFC4B0 /* OC_UIExtension.app */ = {isa = PBXFileReference; explicitFileType = wrapper.application; includeInIndex = 0; path = OC_UIExtension.app; sourceTree = BUILT_PRODUCTS_DIR; };
		C67E3B6D1E8CB52E00BFC4B0 /* main.m */ = {isa = PBXFileReference; lastKnownFileType = sourcecode.c.objc; path = main.m; sourceTree = "<group>"; };
		C67E3B6F1E8CB52E00BFC4B0 /* AppDelegate.h */ = {isa = PBXFileReference; lastKnownFileType = sourcecode.c.h; path = AppDelegate.h; sourceTree = "<group>"; };
		C67E3B701E8CB52E00BFC4B0 /* AppDelegate.m */ = {isa = PBXFileReference; lastKnownFileType = sourcecode.c.objc; path = AppDelegate.m; sourceTree = "<group>"; };
		C67E3B721E8CB52F00BFC4B0 /* ViewController.h */ = {isa = PBXFileReference; lastKnownFileType = sourcecode.c.h; path = ViewController.h; sourceTree = "<group>"; };
		C67E3B731E8CB52F00BFC4B0 /* ViewController.m */ = {isa = PBXFileReference; lastKnownFileType = sourcecode.c.objc; path = ViewController.m; sourceTree = "<group>"; };
		C67E3B761E8CB52F00BFC4B0 /* Base */ = {isa = PBXFileReference; lastKnownFileType = file.storyboard; name = Base; path = Base.lproj/Main.storyboard; sourceTree = "<group>"; };
		C67E3B781E8CB52F00BFC4B0 /* Assets.xcassets */ = {isa = PBXFileReference; lastKnownFileType = folder.assetcatalog; path = Assets.xcassets; sourceTree = "<group>"; };
		C67E3B7B1E8CB52F00BFC4B0 /* Base */ = {isa = PBXFileReference; lastKnownFileType = file.storyboard; name = Base; path = Base.lproj/LaunchScreen.storyboard; sourceTree = "<group>"; };
		C67E3B7D1E8CB52F00BFC4B0 /* Info.plist */ = {isa = PBXFileReference; lastKnownFileType = text.plist.xml; path = Info.plist; sourceTree = "<group>"; };
		C67E3B841E8CB55F00BFC4B0 /* UIButton+Extension.h */ = {isa = PBXFileReference; fileEncoding = 4; lastKnownFileType = sourcecode.c.h; path = "UIButton+Extension.h"; sourceTree = "<group>"; };
		C67E3B851E8CB55F00BFC4B0 /* UIButton+Extension.m */ = {isa = PBXFileReference; fileEncoding = 4; lastKnownFileType = sourcecode.c.objc; path = "UIButton+Extension.m"; sourceTree = "<group>"; };
		C67E3B871E8CD09600BFC4B0 /* UIColor+Extension.h */ = {isa = PBXFileReference; fileEncoding = 4; lastKnownFileType = sourcecode.c.h; path = "UIColor+Extension.h"; sourceTree = "<group>"; };
		C67E3B881E8CD09600BFC4B0 /* UIColor+Extension.m */ = {isa = PBXFileReference; fileEncoding = 4; lastKnownFileType = sourcecode.c.objc; path = "UIColor+Extension.m"; sourceTree = "<group>"; };
		C67E3B8A1E8CD0A000BFC4B0 /* UIView+Extension.h */ = {isa = PBXFileReference; fileEncoding = 4; lastKnownFileType = sourcecode.c.h; path = "UIView+Extension.h"; sourceTree = "<group>"; };
		C67E3B8B1E8CD0A000BFC4B0 /* UIView+Extension.m */ = {isa = PBXFileReference; fileEncoding = 4; lastKnownFileType = sourcecode.c.objc; path = "UIView+Extension.m"; sourceTree = "<group>"; };
		C67E3B8C1E8CD0A000BFC4B0 /* UILabel+Extension.h */ = {isa = PBXFileReference; fileEncoding = 4; lastKnownFileType = sourcecode.c.h; path = "UILabel+Extension.h"; sourceTree = "<group>"; };
		C67E3B8D1E8CD0A000BFC4B0 /* UILabel+Extension.m */ = {isa = PBXFileReference; fileEncoding = 4; lastKnownFileType = sourcecode.c.objc; path = "UILabel+Extension.m"; sourceTree = "<group>"; };
		C67E3B901E8CD52E00BFC4B0 /* OC_UIExtension.h */ = {isa = PBXFileReference; fileEncoding = 4; lastKnownFileType = sourcecode.c.h; path = OC_UIExtension.h; sourceTree = "<group>"; };
		C67E3B911E8CD79100BFC4B0 /* UIImage+Extension.h */ = {isa = PBXFileReference; fileEncoding = 4; lastKnownFileType = sourcecode.c.h; path = "UIImage+Extension.h"; sourceTree = "<group>"; };
		C67E3B921E8CD79100BFC4B0 /* UIImage+Extension.m */ = {isa = PBXFileReference; fileEncoding = 4; lastKnownFileType = sourcecode.c.objc; path = "UIImage+Extension.m"; sourceTree = "<group>"; };
/* End PBXFileReference section */

/* Begin PBXFrameworksBuildPhase section */
		C67E3B661E8CB52E00BFC4B0 /* Frameworks */ = {
			isa = PBXFrameworksBuildPhase;
			buildActionMask = 2147483647;
			files = (
			);
			runOnlyForDeploymentPostprocessing = 0;
		};
/* End PBXFrameworksBuildPhase section */

/* Begin PBXGroup section */
		C67E3B601E8CB52E00BFC4B0 = {
			isa = PBXGroup;
			children = (
				C67E3B6B1E8CB52E00BFC4B0 /* OC_UIExtension */,
				C67E3B6A1E8CB52E00BFC4B0 /* Products */,
			);
			sourceTree = "<group>";
		};
		C67E3B6A1E8CB52E00BFC4B0 /* Products */ = {
			isa = PBXGroup;
			children = (
				C67E3B691E8CB52E00BFC4B0 /* OC_UIExtension.app */,
			);
			name = Products;
			sourceTree = "<group>";
		};
		C67E3B6B1E8CB52E00BFC4B0 /* OC_UIExtension */ = {
			isa = PBXGroup;
			children = (
				C67E3B831E8CB55100BFC4B0 /* Resource */,
				C67E3B6F1E8CB52E00BFC4B0 /* AppDelegate.h */,
				C67E3B701E8CB52E00BFC4B0 /* AppDelegate.m */,
				C67E3B721E8CB52F00BFC4B0 /* ViewController.h */,
				C67E3B731E8CB52F00BFC4B0 /* ViewController.m */,
				C67E3B751E8CB52F00BFC4B0 /* Main.storyboard */,
				C67E3B781E8CB52F00BFC4B0 /* Assets.xcassets */,
				C67E3B7A1E8CB52F00BFC4B0 /* LaunchScreen.storyboard */,
				C67E3B7D1E8CB52F00BFC4B0 /* Info.plist */,
				C67E3B6C1E8CB52E00BFC4B0 /* Supporting Files */,
			);
			path = OC_UIExtension;
			sourceTree = "<group>";
		};
		C67E3B6C1E8CB52E00BFC4B0 /* Supporting Files */ = {
			isa = PBXGroup;
			children = (
				C67E3B6D1E8CB52E00BFC4B0 /* main.m */,
			);
			name = "Supporting Files";
			sourceTree = "<group>";
		};
		C67E3B831E8CB55100BFC4B0 /* Resource */ = {
			isa = PBXGroup;
			children = (
				C67E3B911E8CD79100BFC4B0 /* UIImage+Extension.h */,
				C67E3B921E8CD79100BFC4B0 /* UIImage+Extension.m */,
				C67E3B841E8CB55F00BFC4B0 /* UIButton+Extension.h */,
				C67E3B851E8CB55F00BFC4B0 /* UIButton+Extension.m */,
				C67E3B871E8CD09600BFC4B0 /* UIColor+Extension.h */,
				C67E3B881E8CD09600BFC4B0 /* UIColor+Extension.m */,
				C67E3B8A1E8CD0A000BFC4B0 /* UIView+Extension.h */,
				C67E3B8B1E8CD0A000BFC4B0 /* UIView+Extension.m */,
				C67E3B8C1E8CD0A000BFC4B0 /* UILabel+Extension.h */,
				C67E3B8D1E8CD0A000BFC4B0 /* UILabel+Extension.m */,
				C67E3B901E8CD52E00BFC4B0 /* OC_UIExtension.h */,
			);
			path = Resource;
			sourceTree = "<group>";
		};
/* End PBXGroup section */

/* Begin PBXNativeTarget section */
		C67E3B681E8CB52E00BFC4B0 /* OC_UIExtension */ = {
			isa = PBXNativeTarget;
			buildConfigurationList = C67E3B801E8CB52F00BFC4B0 /* Build configuration list for PBXNativeTarget "OC_UIExtension" */;
			buildPhases = (
				C67E3B651E8CB52E00BFC4B0 /* Sources */,
				C67E3B661E8CB52E00BFC4B0 /* Frameworks */,
				C67E3B671E8CB52E00BFC4B0 /* Resources */,
			);
			buildRules = (
			);
			dependencies = (
			);
			name = OC_UIExtension;
			productName = OC_UIExtension;
			productReference = C67E3B691E8CB52E00BFC4B0 /* OC_UIExtension.app */;
			productType = "com.apple.product-type.application";
		};
/* End PBXNativeTarget section */

/* Begin PBXProject section */
		C67E3B611E8CB52E00BFC4B0 /* Project object */ = {
			isa = PBXProject;
			attributes = {
				LastUpgradeCheck = 0820;
				ORGANIZATIONNAME = Eter;
				TargetAttributes = {
					C67E3B681E8CB52E00BFC4B0 = {
						CreatedOnToolsVersion = 8.2.1;
						DevelopmentTeam = X34ANAY29B;
						ProvisioningStyle = Automatic;
					};
				};
			};
			buildConfigurationList = C67E3B641E8CB52E00BFC4B0 /* Build configuration list for PBXProject "OC_UIExtension" */;
			compatibilityVersion = "Xcode 3.2";
			developmentRegion = English;
			hasScannedForEncodings = 0;
			knownRegions = (
				en,
				Base,
			);
			mainGroup = C67E3B601E8CB52E00BFC4B0;
			productRefGroup = C67E3B6A1E8CB52E00BFC4B0 /* Products */;
			projectDirPath = "";
			projectRoot = "";
			targets = (
				C67E3B681E8CB52E00BFC4B0 /* OC_UIExtension */,
			);
		};
/* End PBXProject section */

/* Begin PBXResourcesBuildPhase section */
		C67E3B671E8CB52E00BFC4B0 /* Resources */ = {
			isa = PBXResourcesBuildPhase;
			buildActionMask = 2147483647;
			files = (
				C67E3B7C1E8CB52F00BFC4B0 /* LaunchScreen.storyboard in Resources */,
				C67E3B791E8CB52F00BFC4B0 /* Assets.xcassets in Resources */,
				C67E3B771E8CB52F00BFC4B0 /* Main.storyboard in Resources */,
			);
			runOnlyForDeploymentPostprocessing = 0;
		};
/* End PBXResourcesBuildPhase section */

/* Begin PBXSourcesBuildPhase section */
		C67E3B651E8CB52E00BFC4B0 /* Sources */ = {
			isa = PBXSourcesBuildPhase;
			buildActionMask = 2147483647;
			files = (
				C67E3B8E1E8CD0A000BFC4B0 /* UIView+Extension.m in Sources */,
				C67E3B741E8CB52F00BFC4B0 /* ViewController.m in Sources */,
				C67E3B8F1E8CD0A000BFC4B0 /* UILabel+Extension.m in Sources */,
				C67E3B861E8CB55F00BFC4B0 /* UIButton+Extension.m in Sources */,
				C67E3B891E8CD09600BFC4B0 /* UIColor+Extension.m in Sources */,
				C67E3B711E8CB52E00BFC4B0 /* AppDelegate.m in Sources */,
				C67E3B6E1E8CB52E00BFC4B0 /* main.m in Sources */,
				C67E3B931E8CD79100BFC4B0 /* UIImage+Extension.m in Sources */,
			);
			runOnlyForDeploymentPostprocessing = 0;
		};
/* End PBXSourcesBuildPhase section */

/* Begin PBXVariantGroup section */
		C67E3B751E8CB52F00BFC4B0 /* Main.storyboard */ = {
			isa = PBXVariantGroup;
			children = (
				C67E3B761E8CB52F00BFC4B0 /* Base */,
			);
			name = Main.storyboard;
			sourceTree = "<group>";
		};
		C67E3B7A1E8CB52F00BFC4B0 /* LaunchScreen.storyboard */ = {
			isa = PBXVariantGroup;
			children = (
				C67E3B7B1E8CB52F00BFC4B0 /* Base */,
			);
			name = LaunchScreen.storyboard;
			sourceTree = "<group>";
		};
/* End PBXVariantGroup section */

/* Begin XCBuildConfiguration section */
		C67E3B7E1E8CB52F00BFC4B0 /* Debug */ = {
			isa = XCBuildConfiguration;
			buildSettings = {
				ALWAYS_SEARCH_USER_PATHS = NO;
				CLANG_ANALYZER_NONNULL = YES;
				CLANG_CXX_LANGUAGE_STANDARD = "gnu++0x";
				CLANG_CXX_LIBRARY = "libc++";
				CLANG_ENABLE_MODULES = YES;
				CLANG_ENABLE_OBJC_ARC = YES;
				CLANG_WARN_BOOL_CONVERSION = YES;
				CLANG_WARN_CONSTANT_CONVERSION = YES;
				CLANG_WARN_DIRECT_OBJC_ISA_USAGE = YES_ERROR;
				CLANG_WARN_DOCUMENTATION_COMMENTS = YES;
				CLANG_WARN_EMPTY_BODY = YES;
				CLANG_WARN_ENUM_CONVERSION = YES;
				CLANG_WARN_INFINITE_RECURSION = YES;
				CLANG_WARN_INT_CONVERSION = YES;
				CLANG_WARN_OBJC_ROOT_CLASS = YES_ERROR;
				CLANG_WARN_SUSPICIOUS_MOVE = YES;
				CLANG_WARN_UNREACHABLE_CODE = YES;
				CLANG_WARN__DUPLICATE_METHOD_MATCH = YES;
				"CODE_SIGN_IDENTITY[sdk=iphoneos*]" = "iPhone Developer";
				COPY_PHASE_STRIP = NO;
				DEBUG_INFORMATION_FORMAT = dwarf;
				ENABLE_STRICT_OBJC_MSGSEND = YES;
				ENABLE_TESTABILITY = YES;
				GCC_C_LANGUAGE_STANDARD = gnu99;
				GCC_DYNAMIC_NO_PIC = NO;
				GCC_NO_COMMON_BLOCKS = YES;
				GCC_OPTIMIZATION_LEVEL = 0;
				GCC_PREPROCESSOR_DEFINITIONS = (
					"DEBUG=1",
					"$(inherited)",
				);
				GCC_WARN_64_TO_32_BIT_CONVERSION = YES;
				GCC_WARN_ABOUT_RETURN_TYPE = YES_ERROR;
				GCC_WARN_UNDECLARED_SELECTOR = YES;
				GCC_WARN_UNINITIALIZED_AUTOS = YES_AGGRESSIVE;
				GCC_WARN_UNUSED_FUNCTION = YES;
				GCC_WARN_UNUSED_VARIABLE = YES;
				IPHONEOS_DEPLOYMENT_TARGET = 10.2;
				MTL_ENABLE_DEBUG_INFO = YES;
				ONLY_ACTIVE_ARCH = YES;
				SDKROOT = iphoneos;
			};
			name = Debug;
		};
		C67E3B7F1E8CB52F00BFC4B0 /* Release */ = {
			isa = XCBuildConfiguration;
			buildSettings = {
				ALWAYS_SEARCH_USER_PATHS = NO;
				CLANG_ANALYZER_NONNULL = YES;
				CLANG_CXX_LANGUAGE_STANDARD = "gnu++0x";
				CLANG_CXX_LIBRARY = "libc++";
				CLANG_ENABLE_MODULES = YES;
				CLANG_ENABLE_OBJC_ARC = YES;
				CLANG_WARN_BOOL_CONVERSION = YES;
				CLANG_WARN_CONSTANT_CONVERSION = YES;
				CLANG_WARN_DIRECT_OBJC_ISA_USAGE = YES_ERROR;
				CLANG_WARN_DOCUMENTATION_COMMENTS = YES;
				CLANG_WARN_EMPTY_BODY = YES;
				CLANG_WARN_ENUM_CONVERSION = YES;
				CLANG_WARN_INFINITE_RECURSION = YES;
				CLANG_WARN_INT_CONVERSION = YES;
				CLANG_WARN_OBJC_ROOT_CLASS = YES_ERROR;
				CLANG_WARN_SUSPICIOUS_MOVE = YES;
				CLANG_WARN_UNREACHABLE_CODE = YES;
				CLANG_WARN__DUPLICATE_METHOD_MATCH = YES;
				"CODE_SIGN_IDENTITY[sdk=iphoneos*]" = "iPhone Developer";
				COPY_PHASE_STRIP = NO;
				DEBUG_INFORMATION_FORMAT = "dwarf-with-dsym";
				ENABLE_NS_ASSERTIONS = NO;
				ENABLE_STRICT_OBJC_MSGSEND = YES;
				GCC_C_LANGUAGE_STANDARD = gnu99;
				GCC_NO_COMMON_BLOCKS = YES;
				GCC_WARN_64_TO_32_BIT_CONVERSION = YES;
				GCC_WARN_ABOUT_RETURN_TYPE = YES_ERROR;
				GCC_WARN_UNDECLARED_SELECTOR = YES;
				GCC_WARN_UNINITIALIZED_AUTOS = YES_AGGRESSIVE;
				GCC_WARN_UNUSED_FUNCTION = YES;
				GCC_WARN_UNUSED_VARIABLE = YES;
				IPHONEOS_DEPLOYMENT_TARGET = 10.2;
				MTL_ENABLE_DEBUG_INFO = NO;
				SDKROOT = iphoneos;
				VALIDATE_PRODUCT = YES;
			};
			name = Release;
		};
		C67E3B811E8CB52F00BFC4B0 /* Debug */ = {
			isa = XCBuildConfiguration;
			buildSettings = {
				ASSETCATALOG_COMPILER_APPICON_NAME = AppIcon;
				DEVELOPMENT_TEAM = X34ANAY29B;
				INFOPLIST_FILE = OC_UIExtension/Info.plist;
				IPHONEOS_DEPLOYMENT_TARGET = 8.1;
				LD_RUNPATH_SEARCH_PATHS = "$(inherited) @executable_path/Frameworks";
				PRODUCT_BUNDLE_IDENTIFIER = "eter.OC-UIExtension";
				PRODUCT_NAME = "$(TARGET_NAME)";
			};
			name = Debug;
		};
		C67E3B821E8CB52F00BFC4B0 /* Release */ = {
			isa = XCBuildConfiguration;
			buildSettings = {
				ASSETCATALOG_COMPILER_APPICON_NAME = AppIcon;
				DEVELOPMENT_TEAM = X34ANAY29B;
				INFOPLIST_FILE = OC_UIExtension/Info.plist;
				IPHONEOS_DEPLOYMENT_TARGET = 8.1;
				LD_RUNPATH_SEARCH_PATHS = "$(inherited) @executable_path/Frameworks";
				PRODUCT_BUNDLE_IDENTIFIER = "eter.OC-UIExtension";
				PRODUCT_NAME = "$(TARGET_NAME)";
			};
			name = Release;
		};
/* End XCBuildConfiguration section */

/* Begin XCConfigurationList section */
		C67E3B641E8CB52E00BFC4B0 /* Build configuration list for PBXProject "OC_UIExtension" */ = {
			isa = XCConfigurationList;
			buildConfigurations = (
				C67E3B7E1E8CB52F00BFC4B0 /* Debug */,
				C67E3B7F1E8CB52F00BFC4B0 /* Release */,
			);
			defaultConfigurationIsVisible = 0;
			defaultConfigurationName = Release;
		};
		C67E3B801E8CB52F00BFC4B0 /* Build configuration list for PBXNativeTarget "OC_UIExtension" */ = {
			isa = XCConfigurationList;
			buildConfigurations = (
				C67E3B811E8CB52F00BFC4B0 /* Debug */,
				C67E3B821E8CB52F00BFC4B0 /* Release */,
			);
			defaultConfigurationIsVisible = 0;
		};
/* End XCConfigurationList section */
	};
	rootObject = C67E3B611E8CB52E00BFC4B0 /* Project object */;
}
